
Microsoft Visual Studio Solution File, Format Version 12.00
# Visual Studio Version 17
VisualStudioVersion = 17.11.35208.52
MinimumVisualStudioVersion = 10.0.40219.1
Project("{9A19103F-16F7-4668-BE54-9A1E7A4F7556}") = "NZWalks.API", "NZWalks.API\NZWalks.API.csproj", "{A0748646-7009-49DA-9270-8B7159A75513}"
EndProject
Project("{FAE04EC0-301F-11D3-BF4B-00C04F79EFBC}") = "NZWalks.UI", "NZWalks.UI\NZWalks.UI.csproj", "{36634F8B-3CB4-4E22-A4C4-816F9EC4FBE6}"
EndProject
Global
	GlobalSection(SolutionConfigurationPlatforms) = preSolution
		Debug|Any CPU = Debug|Any CPU
		Release|Any CPU = Release|Any CPU
	EndGlobalSection
	GlobalSection(ProjectConfigurationPlatforms) = postSolution
		{A0748646-7009-49DA-9270-8B7159A75513}.Debug|Any CPU.ActiveCfg = Debug|Any CPU
		{A0748646-7009-49DA-9270-8B7159A75513}.Debug|Any CPU.Build.0 = Debug|Any CPU
		{A0748646-7009-49DA-9270-8B7159A75513}.Release|Any CPU.ActiveCfg = Release|Any CPU
		{A0748646-7009-49DA-9270-8B7159A75513}.Release|Any CPU.Build.0 = Release|Any CPU
		{36634F8B-3CB4-4E22-A4C4-816F9EC4FBE6}.Debug|Any CPU.ActiveCfg = Debug|Any CPU
		{36634F8B-3CB4-4E22-A4C4-816F9EC4FBE6}.Debug|Any CPU.Build.0 = Debug|Any CPU
		{36634F8B-3CB4-4E22-A4C4-816F9EC4FBE6}.Release|Any CPU.ActiveCfg = Release|Any CPU
		{36634F8B-3CB4-4E22-A4C4-816F9EC4FBE6}.Release|Any CPU.Build.0 = Release|Any CPU
	EndGlobalSection
	GlobalSection(SolutionProperties) = preSolution
		HideSolutionNode = FALSE
	EndGlobalSection
	GlobalSection(ExtensibilityGlobals) = postSolution
		SolutionGuid = {B1FFFC2C-42A2-49C2-BE06-2A78BFB1D505}
	EndGlobalSection
EndGlobal
